
Microsoft Visual Studio Solution File, Format Version 12.00
# Visual Studio 15
VisualStudioVersion = 15.0.27130.2020
MinimumVisualStudioVersion = 10.0.40219.1
Project("{FAE04EC0-301F-11D3-BF4B-00C04F79EFBC}") = "MasterYodaRecipesBot", "MasterYoda\MasterYodaRecipesBot.csproj", "{ED679E56-A6F8-445C-8FC5-583D0069DEF3}"
EndProject
Global
	GlobalSection(SolutionConfigurationPlatforms) = preSolution
		Debug|Any CPU = Debug|Any CPU
		Release|Any CPU = Release|Any CPU
	EndGlobalSection
	GlobalSection(ProjectConfigurationPlatforms) = postSolution
		{ED679E56-A6F8-445C-8FC5-583D0069DEF3}.Debug|Any CPU.ActiveCfg = Debug|Any CPU
		{ED679E56-A6F8-445C-8FC5-583D0069DEF3}.Debug|Any CPU.Build.0 = Debug|Any CPU
		{ED679E56-A6F8-445C-8FC5-583D0069DEF3}.Release|Any CPU.ActiveCfg = Release|Any CPU
		{ED679E56-A6F8-445C-8FC5-583D0069DEF3}.Release|Any CPU.Build.0 = Release|Any CPU
	EndGlobalSection
	GlobalSection(SolutionProperties) = preSolution
		HideSolutionNode = FALSE
	EndGlobalSection
	GlobalSection(ExtensibilityGlobals) = postSolution
		SolutionGuid = {BE08F2E3-9E36-4236-9577-D483A2D05386}
	EndGlobalSection
EndGlobal
